
Microsoft Visual Studio Solution File, Format Version 12.00
# Visual Studio Version 16
VisualStudioVersion = 16.0.30621.155
MinimumVisualStudioVersion = 10.0.40219.1
Project("{FAE04EC0-301F-11D3-BF4B-00C04F79EFBC}") = "HabitsTracker", "HabitsTracker.csproj", "{24381AA8-2F2D-4174-B4DE-A27916F8A2C5}"
EndProject
Global
	GlobalSection(SolutionConfigurationPlatforms) = preSolution
		Debug|Any CPU = Debug|Any CPU
		Release|Any CPU = Release|Any CPU
	EndGlobalSection
	GlobalSection(ProjectConfigurationPlatforms) = postSolution
		{24381AA8-2F2D-4174-B4DE-A27916F8A2C5}.Debug|Any CPU.ActiveCfg = Debug|Any CPU
		{24381AA8-2F2D-4174-B4DE-A27916F8A2C5}.Debug|Any CPU.Build.0 = Debug|Any CPU
		{24381AA8-2F2D-4174-B4DE-A27916F8A2C5}.Release|Any CPU.ActiveCfg = Release|Any CPU
		{24381AA8-2F2D-4174-B4DE-A27916F8A2C5}.Release|Any CPU.Build.0 = Release|Any CPU
	EndGlobalSection
	GlobalSection(SolutionProperties) = preSolution
		HideSolutionNode = FALSE
	EndGlobalSection
	GlobalSection(ExtensibilityGlobals) = postSolution
		SolutionGuid = {D49A8626-B53B-489A-8317-76B2F19098D9}
	EndGlobalSection
EndGlobal
